
Microsoft Visual Studio Solution File, Format Version 12.00
# Visual Studio Version 17
VisualStudioVersion = 17.5.2.0
MinimumVisualStudioVersion = 10.0.40219.1
Project("{9A19103F-16F7-4668-BE54-9A1E7A4F7556}") = "TheEmployeeAPI", "TheEmployeeAPI\TheEmployeeAPI.csproj", "{CEB7C967-0677-4EAE-9CC3-5C13BD58D9AA}"
EndProject
Project("{FAE04EC0-301F-11D3-BF4B-00C04F79EFBC}") = "TheEmployeeAPI.Tests", "TheEmployeeAPI.Tests\TheEmployeeAPI.Tests.csproj", "{7FE0148F-63DF-4BEE-9190-3666A7E63F1D}"
EndProject
Global
	GlobalSection(SolutionConfigurationPlatforms) = preSolution
		Debug|Any CPU = Debug|Any CPU
		Debug|x64 = Debug|x64
		Debug|x86 = Debug|x86
		Release|Any CPU = Release|Any CPU
		Release|x64 = Release|x64
		Release|x86 = Release|x86
	EndGlobalSection
	GlobalSection(ProjectConfigurationPlatforms) = postSolution
		{CEB7C967-0677-4EAE-9CC3-5C13BD58D9AA}.Debug|Any CPU.ActiveCfg = Debug|Any CPU
		{CEB7C967-0677-4EAE-9CC3-5C13BD58D9AA}.Debug|Any CPU.Build.0 = Debug|Any CPU
		{CEB7C967-0677-4EAE-9CC3-5C13BD58D9AA}.Debug|x64.ActiveCfg = Debug|Any CPU
		{CEB7C967-0677-4EAE-9CC3-5C13BD58D9AA}.Debug|x64.Build.0 = Debug|Any CPU
		{CEB7C967-0677-4EAE-9CC3-5C13BD58D9AA}.Debug|x86.ActiveCfg = Debug|Any CPU
		{CEB7C967-0677-4EAE-9CC3-5C13BD58D9AA}.Debug|x86.Build.0 = Debug|Any CPU
		{CEB7C967-0677-4EAE-9CC3-5C13BD58D9AA}.Release|Any CPU.ActiveCfg = Release|Any CPU
		{CEB7C967-0677-4EAE-9CC3-5C13BD58D9AA}.Release|Any CPU.Build.0 = Release|Any CPU
		{CEB7C967-0677-4EAE-9CC3-5C13BD58D9AA}.Release|x64.ActiveCfg = Release|Any CPU
		{CEB7C967-0677-4EAE-9CC3-5C13BD58D9AA}.Release|x64.Build.0 = Release|Any CPU
		{CEB7C967-0677-4EAE-9CC3-5C13BD58D9AA}.Release|x86.ActiveCfg = Release|Any CPU
		{CEB7C967-0677-4EAE-9CC3-5C13BD58D9AA}.Release|x86.Build.0 = Release|Any CPU
		{7FE0148F-63DF-4BEE-9190-3666A7E63F1D}.Debug|Any CPU.ActiveCfg = Debug|Any CPU
		{7FE0148F-63DF-4BEE-9190-3666A7E63F1D}.Debug|Any CPU.Build.0 = Debug|Any CPU
		{7FE0148F-63DF-4BEE-9190-3666A7E63F1D}.Debug|x64.ActiveCfg = Debug|Any CPU
		{7FE0148F-63DF-4BEE-9190-3666A7E63F1D}.Debug|x64.Build.0 = Debug|Any CPU
		{7FE0148F-63DF-4BEE-9190-3666A7E63F1D}.Debug|x86.ActiveCfg = Debug|Any CPU
		{7FE0148F-63DF-4BEE-9190-3666A7E63F1D}.Debug|x86.Build.0 = Debug|Any CPU
		{7FE0148F-63DF-4BEE-9190-3666A7E63F1D}.Release|Any CPU.ActiveCfg = Release|Any CPU
		{7FE0148F-63DF-4BEE-9190-3666A7E63F1D}.Release|Any CPU.Build.0 = Release|Any CPU
		{7FE0148F-63DF-4BEE-9190-3666A7E63F1D}.Release|x64.ActiveCfg = Release|Any CPU
		{7FE0148F-63DF-4BEE-9190-3666A7E63F1D}.Release|x64.Build.0 = Release|Any CPU
		{7FE0148F-63DF-4BEE-9190-3666A7E63F1D}.Release|x86.ActiveCfg = Release|Any CPU
		{7FE0148F-63DF-4BEE-9190-3666A7E63F1D}.Release|x86.Build.0 = Release|Any CPU
	EndGlobalSection
	GlobalSection(SolutionProperties) = preSolution
		HideSolutionNode = FALSE
	EndGlobalSection
	GlobalSection(ExtensibilityGlobals) = postSolution
		SolutionGuid = {889362F8-5297-404D-A19B-09038275C988}
	EndGlobalSection
EndGlobal
